// !$*UTF8*$!
{
	archiveVersion = 1;
	classes = {
	};
	objectVersion = 50;
	objects = {

/* Begin PBXBuildFile section */
		31AAA02BB99F152F4E7D202C /* AppSpacing.swift in Sources */ = {isa = PBXBuildFile; fileRef = 31AAA76A92A57F9715E818FD /* AppSpacing.swift */; };
		31AAA461671A9A33BC787059 /* OverviewRouter.swift in Sources */ = {isa = PBXBuildFile; fileRef = 31AAACF0214376B5E6E63A3F /* OverviewRouter.swift */; };
		31AAAD32EECE71CABA6781DE /* AppColor.swift in Sources */ = {isa = PBXBuildFile; fileRef = 31AAAE91E8C3BB01DD487301 /* AppColor.swift */; };
		693CE72E251177DE003CE0DF /* AccountOwner.swift in Sources */ = {isa = PBXBuildFile; fileRef = 693CE72A25116E8B003CE0DF /* AccountOwner.swift */; };
		693CE72F251177DE003CE0DF /* BankAccountImpl.swift in Sources */ = {isa = PBXBuildFile; fileRef = 693CE72925116C66003CE0DF /* BankAccountImpl.swift */; };
		6966227424EE34640040AB31 /* AppDelegate.swift in Sources */ = {isa = PBXBuildFile; fileRef = 6966227324EE34640040AB31 /* AppDelegate.swift */; };
		6966227D24EE34680040AB31 /* Assets.xcassets in Resources */ = {isa = PBXBuildFile; fileRef = 6966227C24EE34680040AB31 /* Assets.xcassets */; };
		6966228024EE34680040AB31 /* LaunchScreen.storyboard in Resources */ = {isa = PBXBuildFile; fileRef = 6966227E24EE34680040AB31 /* LaunchScreen.storyboard */; };
		696623F324EE36D50040AB31 /* OverviewViewController.swift in Sources */ = {isa = PBXBuildFile; fileRef = 696623E924EE36D50040AB31 /* OverviewViewController.swift */; };
		696623F424EE36D50040AB31 /* OverviewSceneFactory.swift in Sources */ = {isa = PBXBuildFile; fileRef = 696623EA24EE36D50040AB31 /* OverviewSceneFactory.swift */; };
		696623F524EE36D50040AB31 /* OverviewPresenter.swift in Sources */ = {isa = PBXBuildFile; fileRef = 696623EB24EE36D50040AB31 /* OverviewPresenter.swift */; };
		696623F724EE36D50040AB31 /* OverviewInteractor.swift in Sources */ = {isa = PBXBuildFile; fileRef = 696623EE24EE36D50040AB31 /* OverviewInteractor.swift */; };
		696623FA24EE36D50040AB31 /* OverviewModel.swift in Sources */ = {isa = PBXBuildFile; fileRef = 696623F124EE36D50040AB31 /* OverviewModel.swift */; };
		69B94AD025118B4200B1FA0F /* HistoryViewController.swift in Sources */ = {isa = PBXBuildFile; fileRef = 69B94ACD2511884000B1FA0F /* HistoryViewController.swift */; };
		69B94AD125118B4200B1FA0F /* HistorySceneFactory.swift in Sources */ = {isa = PBXBuildFile; fileRef = 69B94ACC2511884000B1FA0F /* HistorySceneFactory.swift */; };
		69B94AD225118B4200B1FA0F /* HistoryPresenter.swift in Sources */ = {isa = PBXBuildFile; fileRef = 69B94ACB2511884000B1FA0F /* HistoryPresenter.swift */; };
		69B94AD325118B4200B1FA0F /* HistoryInteractor.swift in Sources */ = {isa = PBXBuildFile; fileRef = 69B94ACE2511884000B1FA0F /* HistoryInteractor.swift */; };
		69B94AD425118B4200B1FA0F /* HistoryModel.swift in Sources */ = {isa = PBXBuildFile; fileRef = 69B94ACF2511884000B1FA0F /* HistoryModel.swift */; };
		69B94AD725118FED00B1FA0F /* HistoryItemCell.swift in Sources */ = {isa = PBXBuildFile; fileRef = 69B94AD625118F0400B1FA0F /* HistoryItemCell.swift */; };
		69B94ADF2511993F00B1FA0F /* OverviewInteractorTests.swift in Sources */ = {isa = PBXBuildFile; fileRef = 69B94ADE2511993F00B1FA0F /* OverviewInteractorTests.swift */; };
		69B94AE8251199AD00B1FA0F /* OverViewPresentingSpy.swift in Sources */ = {isa = PBXBuildFile; fileRef = 69B94AE7251199AD00B1FA0F /* OverViewPresentingSpy.swift */; };
		69B94AEB25119A3600B1FA0F /* OverviewDisplayingSpy.swift in Sources */ = {isa = PBXBuildFile; fileRef = 69B94AEA25119A3600B1FA0F /* OverviewDisplayingSpy.swift */; };
		69B94AF025119B0C00B1FA0F /* BankAccountSpy.swift in Sources */ = {isa = PBXBuildFile; fileRef = 69B94AEE25119A7700B1FA0F /* BankAccountSpy.swift */; };
		69B94AF22511A76000B1FA0F /* OverviewPresenterTests.swift in Sources */ = {isa = PBXBuildFile; fileRef = 69B94AF12511A76000B1FA0F /* OverviewPresenterTests.swift */; };
		69B94AF42511A7B300B1FA0F /* OverviewRoutingSpy.swift in Sources */ = {isa = PBXBuildFile; fileRef = 69B94AF32511A7B300B1FA0F /* OverviewRoutingSpy.swift */; };
/* End PBXBuildFile section */

/* Begin PBXContainerItemProxy section */
		69B94AE12511993F00B1FA0F /* PBXContainerItemProxy */ = {
			isa = PBXContainerItemProxy;
			containerPortal = 6966226824EE34640040AB31 /* Project object */;
			proxyType = 1;
			remoteGlobalIDString = 6966226F24EE34640040AB31;
			remoteInfo = UIDiscussion;
		};
/* End PBXContainerItemProxy section */

/* Begin PBXFileReference section */
		31AAA76A92A57F9715E818FD /* AppSpacing.swift */ = {isa = PBXFileReference; fileEncoding = 4; lastKnownFileType = sourcecode.swift; path = AppSpacing.swift; sourceTree = "<group>"; };
		31AAACF0214376B5E6E63A3F /* OverviewRouter.swift */ = {isa = PBXFileReference; fileEncoding = 4; lastKnownFileType = sourcecode.swift; path = OverviewRouter.swift; sourceTree = "<group>"; };
		31AAAE91E8C3BB01DD487301 /* AppColor.swift */ = {isa = PBXFileReference; fileEncoding = 4; lastKnownFileType = sourcecode.swift; path = AppColor.swift; sourceTree = "<group>"; };
		693CE72925116C66003CE0DF /* BankAccountImpl.swift */ = {isa = PBXFileReference; lastKnownFileType = sourcecode.swift; path = BankAccountImpl.swift; sourceTree = "<group>"; };
		693CE72A25116E8B003CE0DF /* AccountOwner.swift */ = {isa = PBXFileReference; lastKnownFileType = sourcecode.swift; path = AccountOwner.swift; sourceTree = "<group>"; };
		6966227024EE34640040AB31 /* UIDiscussion.app */ = {isa = PBXFileReference; explicitFileType = wrapper.application; includeInIndex = 0; path = UIDiscussion.app; sourceTree = BUILT_PRODUCTS_DIR; };
		6966227324EE34640040AB31 /* AppDelegate.swift */ = {isa = PBXFileReference; lastKnownFileType = sourcecode.swift; path = AppDelegate.swift; sourceTree = "<group>"; };
		6966227C24EE34680040AB31 /* Assets.xcassets */ = {isa = PBXFileReference; lastKnownFileType = folder.assetcatalog; path = Assets.xcassets; sourceTree = "<group>"; };
		6966227F24EE34680040AB31 /* Base */ = {isa = PBXFileReference; lastKnownFileType = file.storyboard; name = Base; path = Base.lproj/LaunchScreen.storyboard; sourceTree = "<group>"; };
		6966228124EE34680040AB31 /* Info.plist */ = {isa = PBXFileReference; lastKnownFileType = text.plist.xml; path = Info.plist; sourceTree = "<group>"; };
		696623E924EE36D50040AB31 /* OverviewViewController.swift */ = {isa = PBXFileReference; fileEncoding = 4; lastKnownFileType = sourcecode.swift; path = OverviewViewController.swift; sourceTree = "<group>"; };
		696623EA24EE36D50040AB31 /* OverviewSceneFactory.swift */ = {isa = PBXFileReference; fileEncoding = 4; lastKnownFileType = sourcecode.swift; path = OverviewSceneFactory.swift; sourceTree = "<group>"; };
		696623EB24EE36D50040AB31 /* OverviewPresenter.swift */ = {isa = PBXFileReference; fileEncoding = 4; lastKnownFileType = sourcecode.swift; path = OverviewPresenter.swift; sourceTree = "<group>"; };
		696623EE24EE36D50040AB31 /* OverviewInteractor.swift */ = {isa = PBXFileReference; fileEncoding = 4; lastKnownFileType = sourcecode.swift; path = OverviewInteractor.swift; sourceTree = "<group>"; };
		696623F124EE36D50040AB31 /* OverviewModel.swift */ = {isa = PBXFileReference; fileEncoding = 4; lastKnownFileType = sourcecode.swift; path = OverviewModel.swift; sourceTree = "<group>"; };
		69B94ACB2511884000B1FA0F /* HistoryPresenter.swift */ = {isa = PBXFileReference; lastKnownFileType = sourcecode.swift; path = HistoryPresenter.swift; sourceTree = "<group>"; };
		69B94ACC2511884000B1FA0F /* HistorySceneFactory.swift */ = {isa = PBXFileReference; lastKnownFileType = sourcecode.swift; path = HistorySceneFactory.swift; sourceTree = "<group>"; };
		69B94ACD2511884000B1FA0F /* HistoryViewController.swift */ = {isa = PBXFileReference; lastKnownFileType = sourcecode.swift; path = HistoryViewController.swift; sourceTree = "<group>"; };
		69B94ACE2511884000B1FA0F /* HistoryInteractor.swift */ = {isa = PBXFileReference; lastKnownFileType = sourcecode.swift; path = HistoryInteractor.swift; sourceTree = "<group>"; };
		69B94ACF2511884000B1FA0F /* HistoryModel.swift */ = {isa = PBXFileReference; lastKnownFileType = sourcecode.swift; path = HistoryModel.swift; sourceTree = "<group>"; };
		69B94AD625118F0400B1FA0F /* HistoryItemCell.swift */ = {isa = PBXFileReference; lastKnownFileType = sourcecode.swift; path = HistoryItemCell.swift; sourceTree = "<group>"; };
		69B94ADC2511993F00B1FA0F /* UIDiscussionTests.xctest */ = {isa = PBXFileReference; explicitFileType = wrapper.cfbundle; includeInIndex = 0; path = UIDiscussionTests.xctest; sourceTree = BUILT_PRODUCTS_DIR; };
		69B94ADE2511993F00B1FA0F /* OverviewInteractorTests.swift */ = {isa = PBXFileReference; lastKnownFileType = sourcecode.swift; path = OverviewInteractorTests.swift; sourceTree = "<group>"; };
		69B94AE02511993F00B1FA0F /* Info.plist */ = {isa = PBXFileReference; lastKnownFileType = text.plist.xml; path = Info.plist; sourceTree = "<group>"; };
		69B94AE7251199AD00B1FA0F /* OverViewPresentingSpy.swift */ = {isa = PBXFileReference; lastKnownFileType = sourcecode.swift; path = OverViewPresentingSpy.swift; sourceTree = "<group>"; };
		69B94AEA25119A3600B1FA0F /* OverviewDisplayingSpy.swift */ = {isa = PBXFileReference; lastKnownFileType = sourcecode.swift; path = OverviewDisplayingSpy.swift; sourceTree = "<group>"; };
		69B94AEE25119A7700B1FA0F /* BankAccountSpy.swift */ = {isa = PBXFileReference; lastKnownFileType = sourcecode.swift; path = BankAccountSpy.swift; sourceTree = "<group>"; };
		69B94AF12511A76000B1FA0F /* OverviewPresenterTests.swift */ = {isa = PBXFileReference; lastKnownFileType = sourcecode.swift; path = OverviewPresenterTests.swift; sourceTree = "<group>"; };
		69B94AF32511A7B300B1FA0F /* OverviewRoutingSpy.swift */ = {isa = PBXFileReference; lastKnownFileType = sourcecode.swift; path = OverviewRoutingSpy.swift; sourceTree = "<group>"; };
/* End PBXFileReference section */

/* Begin PBXFrameworksBuildPhase section */
		6966226D24EE34640040AB31 /* Frameworks */ = {
			isa = PBXFrameworksBuildPhase;
			buildActionMask = 2147483647;
			files = (
			);
			runOnlyForDeploymentPostprocessing = 0;
		};
		69B94AD92511993F00B1FA0F /* Frameworks */ = {
			isa = PBXFrameworksBuildPhase;
			buildActionMask = 2147483647;
			files = (
			);
			runOnlyForDeploymentPostprocessing = 0;
		};
/* End PBXFrameworksBuildPhase section */

/* Begin PBXGroup section */
		31AAA472CBBDAD83708E7BB0 /* Design */ = {
			isa = PBXGroup;
			children = (
				31AAA76A92A57F9715E818FD /* AppSpacing.swift */,
				31AAAE91E8C3BB01DD487301 /* AppColor.swift */,
			);
			path = Design;
			sourceTree = "<group>";
		};
		693CE72725116C58003CE0DF /* Domain */ = {
			isa = PBXGroup;
			children = (
				693CE72A25116E8B003CE0DF /* AccountOwner.swift */,
				693CE72925116C66003CE0DF /* BankAccountImpl.swift */,
			);
			path = Domain;
			sourceTree = "<group>";
		};
		6966226724EE34640040AB31 = {
			isa = PBXGroup;
			children = (
				6966227224EE34640040AB31 /* UIDiscussion */,
				69B94ADD2511993F00B1FA0F /* UIDiscussionTests */,
				6966227124EE34640040AB31 /* Products */,
			);
			sourceTree = "<group>";
		};
		6966227124EE34640040AB31 /* Products */ = {
			isa = PBXGroup;
			children = (
				6966227024EE34640040AB31 /* UIDiscussion.app */,
				69B94ADC2511993F00B1FA0F /* UIDiscussionTests.xctest */,
			);
			name = Products;
			sourceTree = "<group>";
		};
		6966227224EE34640040AB31 /* UIDiscussion */ = {
			isa = PBXGroup;
			children = (
				69B94ACA2511882E00B1FA0F /* History */,
				693CE72725116C58003CE0DF /* Domain */,
				696623E724EE36D50040AB31 /* Overview */,
				6966227324EE34640040AB31 /* AppDelegate.swift */,
				6966227C24EE34680040AB31 /* Assets.xcassets */,
				6966227E24EE34680040AB31 /* LaunchScreen.storyboard */,
				6966228124EE34680040AB31 /* Info.plist */,
				31AAA472CBBDAD83708E7BB0 /* Design */,
			);
			path = UIDiscussion;
			sourceTree = "<group>";
		};
		696623E724EE36D50040AB31 /* Overview */ = {
			isa = PBXGroup;
			children = (
				696623E924EE36D50040AB31 /* OverviewViewController.swift */,
				696623EA24EE36D50040AB31 /* OverviewSceneFactory.swift */,
				696623EB24EE36D50040AB31 /* OverviewPresenter.swift */,
				696623EE24EE36D50040AB31 /* OverviewInteractor.swift */,
				696623F124EE36D50040AB31 /* OverviewModel.swift */,
				31AAACF0214376B5E6E63A3F /* OverviewRouter.swift */,
			);
			path = Overview;
			sourceTree = "<group>";
		};
		69B94ACA2511882E00B1FA0F /* History */ = {
			isa = PBXGroup;
			children = (
				69B94AD525118EF900B1FA0F /* Subviews */,
				69B94ACD2511884000B1FA0F /* HistoryViewController.swift */,
				69B94ACC2511884000B1FA0F /* HistorySceneFactory.swift */,
				69B94ACB2511884000B1FA0F /* HistoryPresenter.swift */,
				69B94ACE2511884000B1FA0F /* HistoryInteractor.swift */,
				69B94ACF2511884000B1FA0F /* HistoryModel.swift */,
			);
			path = History;
			sourceTree = "<group>";
		};
		69B94AD525118EF900B1FA0F /* Subviews */ = {
			isa = PBXGroup;
			children = (
				69B94AD625118F0400B1FA0F /* HistoryItemCell.swift */,
			);
			path = Subviews;
			sourceTree = "<group>";
		};
		69B94ADD2511993F00B1FA0F /* UIDiscussionTests */ = {
			isa = PBXGroup;
			children = (
				69B94AE62511996700B1FA0F /* Overview */,
				69B94AE02511993F00B1FA0F /* Info.plist */,
			);
			path = UIDiscussionTests;
			sourceTree = "<group>";
		};
		69B94AE62511996700B1FA0F /* Overview */ = {
			isa = PBXGroup;
			children = (
				69B94AE9251199B100B1FA0F /* mocks */,
				69B94ADE2511993F00B1FA0F /* OverviewInteractorTests.swift */,
				69B94AF12511A76000B1FA0F /* OverviewPresenterTests.swift */,
			);
			path = Overview;
			sourceTree = "<group>";
		};
		69B94AE9251199B100B1FA0F /* mocks */ = {
			isa = PBXGroup;
			children = (
				69B94AEA25119A3600B1FA0F /* OverviewDisplayingSpy.swift */,
				69B94AF32511A7B300B1FA0F /* OverviewRoutingSpy.swift */,
				69B94AEE25119A7700B1FA0F /* BankAccountSpy.swift */,
				69B94AE7251199AD00B1FA0F /* OverViewPresentingSpy.swift */,
			);
			path = mocks;
			sourceTree = "<group>";
		};
/* End PBXGroup section */

/* Begin PBXNativeTarget section */
		6966226F24EE34640040AB31 /* UIDiscussion */ = {
			isa = PBXNativeTarget;
			buildConfigurationList = 6966228424EE34680040AB31 /* Build configuration list for PBXNativeTarget "UIDiscussion" */;
			buildPhases = (
				6966226C24EE34640040AB31 /* Sources */,
				6966226D24EE34640040AB31 /* Frameworks */,
				6966226E24EE34640040AB31 /* Resources */,
			);
			buildRules = (
			);
			dependencies = (
			);
			name = UIDiscussion;
			productName = UIDiscussion;
			productReference = 6966227024EE34640040AB31 /* UIDiscussion.app */;
			productType = "com.apple.product-type.application";
		};
		69B94ADB2511993F00B1FA0F /* UIDiscussionTests */ = {
			isa = PBXNativeTarget;
			buildConfigurationList = 69B94AE32511993F00B1FA0F /* Build configuration list for PBXNativeTarget "UIDiscussionTests" */;
			buildPhases = (
				69B94AD82511993F00B1FA0F /* Sources */,
				69B94AD92511993F00B1FA0F /* Frameworks */,
				69B94ADA2511993F00B1FA0F /* Resources */,
			);
			buildRules = (
			);
			dependencies = (
				69B94AE22511993F00B1FA0F /* PBXTargetDependency */,
			);
			name = UIDiscussionTests;
			productName = UIDiscussionTests;
			productReference = 69B94ADC2511993F00B1FA0F /* UIDiscussionTests.xctest */;
			productType = "com.apple.product-type.bundle.unit-test";
		};
/* End PBXNativeTarget section */

/* Begin PBXProject section */
		6966226824EE34640040AB31 /* Project object */ = {
			isa = PBXProject;
			attributes = {
				LastSwiftUpdateCheck = 1170;
				LastUpgradeCheck = 1160;
				ORGANIZATIONNAME = "Janis Zisenis";
				TargetAttributes = {
					6966226F24EE34640040AB31 = {
						CreatedOnToolsVersion = 11.6;
					};
					69B94ADB2511993F00B1FA0F = {
						CreatedOnToolsVersion = 11.7;
						TestTargetID = 6966226F24EE34640040AB31;
					};
				};
			};
			buildConfigurationList = 6966226B24EE34640040AB31 /* Build configuration list for PBXProject "UIDiscussion" */;
			compatibilityVersion = "Xcode 9.3";
			developmentRegion = en;
			hasScannedForEncodings = 0;
			knownRegions = (
				en,
				Base,
			);
			mainGroup = 6966226724EE34640040AB31;
			productRefGroup = 6966227124EE34640040AB31 /* Products */;
			projectDirPath = "";
			projectRoot = "";
			targets = (
				6966226F24EE34640040AB31 /* UIDiscussion */,
				69B94ADB2511993F00B1FA0F /* UIDiscussionTests */,
			);
		};
/* End PBXProject section */

/* Begin PBXResourcesBuildPhase section */
		6966226E24EE34640040AB31 /* Resources */ = {
			isa = PBXResourcesBuildPhase;
			buildActionMask = 2147483647;
			files = (
				6966228024EE34680040AB31 /* LaunchScreen.storyboard in Resources */,
				6966227D24EE34680040AB31 /* Assets.xcassets in Resources */,
			);
			runOnlyForDeploymentPostprocessing = 0;
		};
		69B94ADA2511993F00B1FA0F /* Resources */ = {
			isa = PBXResourcesBuildPhase;
			buildActionMask = 2147483647;
			files = (
			);
			runOnlyForDeploymentPostprocessing = 0;
		};
/* End PBXResourcesBuildPhase section */

/* Begin PBXSourcesBuildPhase section */
		6966226C24EE34640040AB31 /* Sources */ = {
			isa = PBXSourcesBuildPhase;
			buildActionMask = 2147483647;
			files = (
				696623F724EE36D50040AB31 /* OverviewInteractor.swift in Sources */,
				696623FA24EE36D50040AB31 /* OverviewModel.swift in Sources */,
				693CE72F251177DE003CE0DF /* BankAccountImpl.swift in Sources */,
				696623F524EE36D50040AB31 /* OverviewPresenter.swift in Sources */,
				69B94AD025118B4200B1FA0F /* HistoryViewController.swift in Sources */,
				696623F424EE36D50040AB31 /* OverviewSceneFactory.swift in Sources */,
				696623F324EE36D50040AB31 /* OverviewViewController.swift in Sources */,
				6966227424EE34640040AB31 /* AppDelegate.swift in Sources */,
				69B94AD725118FED00B1FA0F /* HistoryItemCell.swift in Sources */,
				69B94AD225118B4200B1FA0F /* HistoryPresenter.swift in Sources */,
				31AAA02BB99F152F4E7D202C /* AppSpacing.swift in Sources */,
				69B94AD425118B4200B1FA0F /* HistoryModel.swift in Sources */,
				693CE72E251177DE003CE0DF /* AccountOwner.swift in Sources */,
				69B94AD125118B4200B1FA0F /* HistorySceneFactory.swift in Sources */,
				31AAAD32EECE71CABA6781DE /* AppColor.swift in Sources */,
				69B94AD325118B4200B1FA0F /* HistoryInteractor.swift in Sources */,
				31AAA461671A9A33BC787059 /* OverviewRouter.swift in Sources */,
			);
			runOnlyForDeploymentPostprocessing = 0;
		};
		69B94AD82511993F00B1FA0F /* Sources */ = {
			isa = PBXSourcesBuildPhase;
			buildActionMask = 2147483647;
			files = (
				69B94AF22511A76000B1FA0F /* OverviewPresenterTests.swift in Sources */,
				69B94AF025119B0C00B1FA0F /* BankAccountSpy.swift in Sources */,
				69B94AF42511A7B300B1FA0F /* OverviewRoutingSpy.swift in Sources */,
				69B94ADF2511993F00B1FA0F /* OverviewInteractorTests.swift in Sources */,
				69B94AEB25119A3600B1FA0F /* OverviewDisplayingSpy.swift in Sources */,
				69B94AE8251199AD00B1FA0F /* OverViewPresentingSpy.swift in Sources */,
			);
			runOnlyForDeploymentPostprocessing = 0;
		};
/* End PBXSourcesBuildPhase section */

/* Begin PBXTargetDependency section */
		69B94AE22511993F00B1FA0F /* PBXTargetDependency */ = {
			isa = PBXTargetDependency;
			target = 6966226F24EE34640040AB31 /* UIDiscussion */;
			targetProxy = 69B94AE12511993F00B1FA0F /* PBXContainerItemProxy */;
		};
/* End PBXTargetDependency section */

/* Begin PBXVariantGroup section */
		6966227E24EE34680040AB31 /* LaunchScreen.storyboard */ = {
			isa = PBXVariantGroup;
			children = (
				6966227F24EE34680040AB31 /* Base */,
			);
			name = LaunchScreen.storyboard;
			sourceTree = "<group>";
		};
/* End PBXVariantGroup section */

/* Begin XCBuildConfiguration section */
		6966228224EE34680040AB31 /* Debug */ = {
			isa = XCBuildConfiguration;
			buildSettings = {
				ALWAYS_SEARCH_USER_PATHS = NO;
				CLANG_ANALYZER_NONNULL = YES;
				CLANG_ANALYZER_NUMBER_OBJECT_CONVERSION = YES_AGGRESSIVE;
				CLANG_CXX_LANGUAGE_STANDARD = "gnu++14";
				CLANG_CXX_LIBRARY = "libc++";
				CLANG_ENABLE_MODULES = YES;
				CLANG_ENABLE_OBJC_ARC = YES;
				CLANG_ENABLE_OBJC_WEAK = YES;
				CLANG_WARN_BLOCK_CAPTURE_AUTORELEASING = YES;
				CLANG_WARN_BOOL_CONVERSION = YES;
				CLANG_WARN_COMMA = YES;
				CLANG_WARN_CONSTANT_CONVERSION = YES;
				CLANG_WARN_DEPRECATED_OBJC_IMPLEMENTATIONS = YES;
				CLANG_WARN_DIRECT_OBJC_ISA_USAGE = YES_ERROR;
				CLANG_WARN_DOCUMENTATION_COMMENTS = YES;
				CLANG_WARN_EMPTY_BODY = YES;
				CLANG_WARN_ENUM_CONVERSION = YES;
				CLANG_WARN_INFINITE_RECURSION = YES;
				CLANG_WARN_INT_CONVERSION = YES;
				CLANG_WARN_NON_LITERAL_NULL_CONVERSION = YES;
				CLANG_WARN_OBJC_IMPLICIT_RETAIN_SELF = YES;
				CLANG_WARN_OBJC_LITERAL_CONVERSION = YES;
				CLANG_WARN_OBJC_ROOT_CLASS = YES_ERROR;
				CLANG_WARN_RANGE_LOOP_ANALYSIS = YES;
				CLANG_WARN_STRICT_PROTOTYPES = YES;
				CLANG_WARN_SUSPICIOUS_MOVE = YES;
				CLANG_WARN_UNGUARDED_AVAILABILITY = YES_AGGRESSIVE;
				CLANG_WARN_UNREACHABLE_CODE = YES;
				CLANG_WARN__DUPLICATE_METHOD_MATCH = YES;
				COPY_PHASE_STRIP = NO;
				DEBUG_INFORMATION_FORMAT = dwarf;
				ENABLE_STRICT_OBJC_MSGSEND = YES;
				ENABLE_TESTABILITY = YES;
				GCC_C_LANGUAGE_STANDARD = gnu11;
				GCC_DYNAMIC_NO_PIC = NO;
				GCC_NO_COMMON_BLOCKS = YES;
				GCC_OPTIMIZATION_LEVEL = 0;
				GCC_PREPROCESSOR_DEFINITIONS = (
					"DEBUG=1",
					"$(inherited)",
				);
				GCC_WARN_64_TO_32_BIT_CONVERSION = YES;
				GCC_WARN_ABOUT_RETURN_TYPE = YES_ERROR;
				GCC_WARN_UNDECLARED_SELECTOR = YES;
				GCC_WARN_UNINITIALIZED_AUTOS = YES_AGGRESSIVE;
				GCC_WARN_UNUSED_FUNCTION = YES;
				GCC_WARN_UNUSED_VARIABLE = YES;
				IPHONEOS_DEPLOYMENT_TARGET = 13.6;
				MTL_ENABLE_DEBUG_INFO = INCLUDE_SOURCE;
				MTL_FAST_MATH = YES;
				ONLY_ACTIVE_ARCH = YES;
				SDKROOT = iphoneos;
				SWIFT_ACTIVE_COMPILATION_CONDITIONS = DEBUG;
				SWIFT_OPTIMIZATION_LEVEL = "-Onone";
			};
			name = Debug;
		};
		6966228324EE34680040AB31 /* Release */ = {
			isa = XCBuildConfiguration;
			buildSettings = {
				ALWAYS_SEARCH_USER_PATHS = NO;
				CLANG_ANALYZER_NONNULL = YES;
				CLANG_ANALYZER_NUMBER_OBJECT_CONVERSION = YES_AGGRESSIVE;
				CLANG_CXX_LANGUAGE_STANDARD = "gnu++14";
				CLANG_CXX_LIBRARY = "libc++";
				CLANG_ENABLE_MODULES = YES;
				CLANG_ENABLE_OBJC_ARC = YES;
				CLANG_ENABLE_OBJC_WEAK = YES;
				CLANG_WARN_BLOCK_CAPTURE_AUTORELEASING = YES;
				CLANG_WARN_BOOL_CONVERSION = YES;
				CLANG_WARN_COMMA = YES;
				CLANG_WARN_CONSTANT_CONVERSION = YES;
				CLANG_WARN_DEPRECATED_OBJC_IMPLEMENTATIONS = YES;
				CLANG_WARN_DIRECT_OBJC_ISA_USAGE = YES_ERROR;
				CLANG_WARN_DOCUMENTATION_COMMENTS = YES;
				CLANG_WARN_EMPTY_BODY = YES;
				CLANG_WARN_ENUM_CONVERSION = YES;
				CLANG_WARN_INFINITE_RECURSION = YES;
				CLANG_WARN_INT_CONVERSION = YES;
				CLANG_WARN_NON_LITERAL_NULL_CONVERSION = YES;
				CLANG_WARN_OBJC_IMPLICIT_RETAIN_SELF = YES;
				CLANG_WARN_OBJC_LITERAL_CONVERSION = YES;
				CLANG_WARN_OBJC_ROOT_CLASS = YES_ERROR;
				CLANG_WARN_RANGE_LOOP_ANALYSIS = YES;
				CLANG_WARN_STRICT_PROTOTYPES = YES;
				CLANG_WARN_SUSPICIOUS_MOVE = YES;
				CLANG_WARN_UNGUARDED_AVAILABILITY = YES_AGGRESSIVE;
				CLANG_WARN_UNREACHABLE_CODE = YES;
				CLANG_WARN__DUPLICATE_METHOD_MATCH = YES;
				COPY_PHASE_STRIP = NO;
				DEBUG_INFORMATION_FORMAT = "dwarf-with-dsym";
				ENABLE_NS_ASSERTIONS = NO;
				ENABLE_STRICT_OBJC_MSGSEND = YES;
				GCC_C_LANGUAGE_STANDARD = gnu11;
				GCC_NO_COMMON_BLOCKS = YES;
				GCC_WARN_64_TO_32_BIT_CONVERSION = YES;
				GCC_WARN_ABOUT_RETURN_TYPE = YES_ERROR;
				GCC_WARN_UNDECLARED_SELECTOR = YES;
				GCC_WARN_UNINITIALIZED_AUTOS = YES_AGGRESSIVE;
				GCC_WARN_UNUSED_FUNCTION = YES;
				GCC_WARN_UNUSED_VARIABLE = YES;
				IPHONEOS_DEPLOYMENT_TARGET = 13.6;
				MTL_ENABLE_DEBUG_INFO = NO;
				MTL_FAST_MATH = YES;
				SDKROOT = iphoneos;
				SWIFT_COMPILATION_MODE = wholemodule;
				SWIFT_OPTIMIZATION_LEVEL = "-O";
				VALIDATE_PRODUCT = YES;
			};
			name = Release;
		};
		6966228524EE34680040AB31 /* Debug */ = {
			isa = XCBuildConfiguration;
			buildSettings = {
				ASSETCATALOG_COMPILER_APPICON_NAME = AppIcon;
				CODE_SIGN_STYLE = Automatic;
				DEVELOPMENT_TEAM = LBXXUNG4XF;
				INFOPLIST_FILE = UIDiscussion/Info.plist;
				LD_RUNPATH_SEARCH_PATHS = (
					"$(inherited)",
					"@executable_path/Frameworks",
				);
				PRODUCT_BUNDLE_IDENTIFIER = janis.zisenis.demo.UIDiscussion;
				PRODUCT_NAME = "$(TARGET_NAME)";
				SWIFT_VERSION = 5.0;
				TARGETED_DEVICE_FAMILY = "1,2";
			};
			name = Debug;
		};
		6966228624EE34680040AB31 /* Release */ = {
			isa = XCBuildConfiguration;
			buildSettings = {
				ASSETCATALOG_COMPILER_APPICON_NAME = AppIcon;
				CODE_SIGN_STYLE = Automatic;
				DEVELOPMENT_TEAM = LBXXUNG4XF;
				INFOPLIST_FILE = UIDiscussion/Info.plist;
				LD_RUNPATH_SEARCH_PATHS = (
					"$(inherited)",
					"@executable_path/Frameworks",
				);
				PRODUCT_BUNDLE_IDENTIFIER = janis.zisenis.demo.UIDiscussion;
				PRODUCT_NAME = "$(TARGET_NAME)";
				SWIFT_VERSION = 5.0;
				TARGETED_DEVICE_FAMILY = "1,2";
			};
			name = Release;
		};
		69B94AE42511993F00B1FA0F /* Debug */ = {
			isa = XCBuildConfiguration;
			buildSettings = {
				BUNDLE_LOADER = "$(TEST_HOST)";
				CODE_SIGN_STYLE = Automatic;
				DEVELOPMENT_TEAM = LBXXUNG4XF;
				INFOPLIST_FILE = UIDiscussionTests/Info.plist;
				IPHONEOS_DEPLOYMENT_TARGET = 13.7;
				LD_RUNPATH_SEARCH_PATHS = (
					"$(inherited)",
					"@executable_path/Frameworks",
					"@loader_path/Frameworks",
				);
				PRODUCT_BUNDLE_IDENTIFIER = janis.zisenis.demo.UIDiscussionTests;
				PRODUCT_NAME = "$(TARGET_NAME)";
				SWIFT_VERSION = 5.0;
				TARGETED_DEVICE_FAMILY = "1,2";
				TEST_HOST = "$(BUILT_PRODUCTS_DIR)/UIDiscussion.app/UIDiscussion";
			};
			name = Debug;
		};
		69B94AE52511993F00B1FA0F /* Release */ = {
			isa = XCBuildConfiguration;
			buildSettings = {
				BUNDLE_LOADER = "$(TEST_HOST)";
				CODE_SIGN_STYLE = Automatic;
				DEVELOPMENT_TEAM = LBXXUNG4XF;
				INFOPLIST_FILE = UIDiscussionTests/Info.plist;
				IPHONEOS_DEPLOYMENT_TARGET = 13.7;
				LD_RUNPATH_SEARCH_PATHS = (
					"$(inherited)",
					"@executable_path/Frameworks",
					"@loader_path/Frameworks",
				);
				PRODUCT_BUNDLE_IDENTIFIER = janis.zisenis.demo.UIDiscussionTests;
				PRODUCT_NAME = "$(TARGET_NAME)";
				SWIFT_VERSION = 5.0;
				TARGETED_DEVICE_FAMILY = "1,2";
				TEST_HOST = "$(BUILT_PRODUCTS_DIR)/UIDiscussion.app/UIDiscussion";
			};
			name = Release;
		};
/* End XCBuildConfiguration section */

/* Begin XCConfigurationList section */
		6966226B24EE34640040AB31 /* Build configuration list for PBXProject "UIDiscussion" */ = {
			isa = XCConfigurationList;
			buildConfigurations = (
				6966228224EE34680040AB31 /* Debug */,
				6966228324EE34680040AB31 /* Release */,
			);
			defaultConfigurationIsVisible = 0;
			defaultConfigurationName = Release;
		};
		6966228424EE34680040AB31 /* Build configuration list for PBXNativeTarget "UIDiscussion" */ = {
			isa = XCConfigurationList;
			buildConfigurations = (
				6966228524EE34680040AB31 /* Debug */,
				6966228624EE34680040AB31 /* Release */,
			);
			defaultConfigurationIsVisible = 0;
			defaultConfigurationName = Release;
		};
		69B94AE32511993F00B1FA0F /* Build configuration list for PBXNativeTarget "UIDiscussionTests" */ = {
			isa = XCConfigurationList;
			buildConfigurations = (
				69B94AE42511993F00B1FA0F /* Debug */,
				69B94AE52511993F00B1FA0F /* Release */,
			);
			defaultConfigurationIsVisible = 0;
			defaultConfigurationName = Release;
		};
/* End XCConfigurationList section */
	};
	rootObject = 6966226824EE34640040AB31 /* Project object */;
}
